
Microsoft Visual Studio Solution File, Format Version 12.00
# Visual Studio 15
Project("{FAE04EC0-301F-11D3-BF4B-00C04F79EFBC}") = "Unity.Timeline", "Unity.Timeline.csproj", "{10BA75C5-DAA0-1B5E-66A1-2E2117518DE3}"
EndProject
Project("{FAE04EC0-301F-11D3-BF4B-00C04F79EFBC}") = "Unity.Timeline.Editor", "Unity.Timeline.Editor.csproj", "{59771CAE-20AE-C3FF-3B7D-43C44A663A31}"
EndProject
Project("{FAE04EC0-301F-11D3-BF4B-00C04F79EFBC}") = "Unity.TextMeshPro.Editor", "Unity.TextMeshPro.Editor.csproj", "{78506795-77A1-A962-24E7-C0523B931E2A}"
EndProject
Project("{FAE04EC0-301F-11D3-BF4B-00C04F79EFBC}") = "Unity.PlasticSCM.Editor", "Unity.PlasticSCM.Editor.csproj", "{444C3498-2817-19B8-5B88-C89D6088513A}"
EndProject
Project("{FAE04EC0-301F-11D3-BF4B-00C04F79EFBC}") = "Unity.VisualScripting.Flow", "Unity.VisualScripting.Flow.csproj", "{5D1683C8-C60C-ED44-1ABA-1A16365CF489}"
EndProject
Project("{FAE04EC0-301F-11D3-BF4B-00C04F79EFBC}") = "Unity.VisualScripting.Core", "Unity.VisualScripting.Core.csproj", "{07B9CE6C-C1F5-10EF-4DB8-A7404F5DDD37}"
EndProject
Project("{FAE04EC0-301F-11D3-BF4B-00C04F79EFBC}") = "Unity.VisualScripting.Core.Editor", "Unity.VisualScripting.Core.Editor.csproj", "{E1CCA21B-426F-120A-BBD9-BF020C57548A}"
EndProject
Project("{FAE04EC0-301F-11D3-BF4B-00C04F79EFBC}") = "Unity.VisualScripting.Flow.Editor", "Unity.VisualScripting.Flow.Editor.csproj", "{60381EED-0D41-8A6C-6DC6-973A9F52E3CF}"
EndProject
Project("{FAE04EC0-301F-11D3-BF4B-00C04F79EFBC}") = "UnityEditor.TestRunner", "UnityEditor.TestRunner.csproj", "{7700649E-4E22-D8E8-1FD3-A10461F3A208}"
EndProject
Project("{FAE04EC0-301F-11D3-BF4B-00C04F79EFBC}") = "Unity.VisualScripting.SettingsProvider.Editor", "Unity.VisualScripting.SettingsProvider.Editor.csproj", "{B4389FD4-27A6-7642-FB53-5CE65E4600DE}"
EndProject
Project("{FAE04EC0-301F-11D3-BF4B-00C04F79EFBC}") = "UnityEngine.TestRunner", "UnityEngine.TestRunner.csproj", "{EB6F26C5-7006-E2D5-8721-DB3C0105C87E}"
EndProject
Project("{FAE04EC0-301F-11D3-BF4B-00C04F79EFBC}") = "Unity.VisualStudio.Editor", "Unity.VisualStudio.Editor.csproj", "{53CCA44A-3187-CDBA-FDB0-A8FA43879FA7}"
EndProject
Project("{FAE04EC0-301F-11D3-BF4B-00C04F79EFBC}") = "Unity.TestTools.CodeCoverage.Editor.OpenCover.Model", "Unity.TestTools.CodeCoverage.Editor.OpenCover.Model.csproj", "{2CF84187-3725-A3EE-1DE0-80242E6EA5ED}"
EndProject
Project("{FAE04EC0-301F-11D3-BF4B-00C04F79EFBC}") = "Unity.Rider.Editor", "Unity.Rider.Editor.csproj", "{80DFC1A5-8C4E-69E7-969A-BF96AA27AE45}"
EndProject
Project("{FAE04EC0-301F-11D3-BF4B-00C04F79EFBC}") = "Unity.CollabProxy.Editor", "Unity.CollabProxy.Editor.csproj", "{B64F53FC-3C40-C354-16F8-274BEA58B8C8}"
EndProject
Project("{FAE04EC0-301F-11D3-BF4B-00C04F79EFBC}") = "Unity.VisualScripting.State.Editor", "Unity.VisualScripting.State.Editor.csproj", "{41735FD8-2026-001F-A4E9-46FD258D4094}"
EndProject
Project("{FAE04EC0-301F-11D3-BF4B-00C04F79EFBC}") = "Unity.TestTools.CodeCoverage.Editor", "Unity.TestTools.CodeCoverage.Editor.csproj", "{AFFE94FF-AF24-ABA0-C365-85B1CB6113D6}"
EndProject
Project("{FAE04EC0-301F-11D3-BF4B-00C04F79EFBC}") = "Unity.VisualScripting.State", "Unity.VisualScripting.State.csproj", "{8C3D342B-F97A-3B11-706E-3BC47861DB61}"
EndProject
Project("{FAE04EC0-301F-11D3-BF4B-00C04F79EFBC}") = "Unity.TextMeshPro", "Unity.TextMeshPro.csproj", "{5DA46AD1-10F0-DB71-FF94-0A91AB841157}"
EndProject
Project("{FAE04EC0-301F-11D3-BF4B-00C04F79EFBC}") = "Unity.Performance.Profile-Analyzer.Editor", "Unity.Performance.Profile-Analyzer.Editor.csproj", "{D27CD6F5-2C9A-D7BD-1ECB-BFA893F01D29}"
EndProject
Project("{FAE04EC0-301F-11D3-BF4B-00C04F79EFBC}") = "Unity.VSCode.Editor", "Unity.VSCode.Editor.csproj", "{BE6D625E-0A9F-377D-974D-94C2714ADF65}"
EndProject
Project("{FAE04EC0-301F-11D3-BF4B-00C04F79EFBC}") = "Unity.TestTools.CodeCoverage.Editor.OpenCover.Mono.Reflection", "Unity.TestTools.CodeCoverage.Editor.OpenCover.Mono.Reflection.csproj", "{F98B3FFE-3AF2-01F3-8705-2B146C217334}"
EndProject
Project("{FAE04EC0-301F-11D3-BF4B-00C04F79EFBC}") = "Unity.Settings.Editor", "Unity.Settings.Editor.csproj", "{D17DC2BD-4C36-FE12-2CE4-D2243B02E97F}"
EndProject
Project("{FAE04EC0-301F-11D3-BF4B-00C04F79EFBC}") = "Assembly-CSharp", "Assembly-CSharp.csproj", "{52ECB94D-8DDA-7004-198E-292902F614B2}"
EndProject
Project("{FAE04EC0-301F-11D3-BF4B-00C04F79EFBC}") = "Unity.EditorCoroutines.Editor", "Unity.EditorCoroutines.Editor.csproj", "{8A9C3729-054D-756F-2AB4-707AC6E55709}"
EndProject
Project("{FAE04EC0-301F-11D3-BF4B-00C04F79EFBC}") = "Unity.VisualScripting.Shared.Editor", "Unity.VisualScripting.Shared.Editor.csproj", "{FEC7A7A5-7212-97EF-3F29-C737118F40D5}"
EndProject
Project("{FAE04EC0-301F-11D3-BF4B-00C04F79EFBC}") = "Unity.Timeline", "Unity.Timeline.Player.csproj", "{D8156C96-D93A-B567-A324-4578CD0E9DC7}"
EndProject
Project("{FAE04EC0-301F-11D3-BF4B-00C04F79EFBC}") = "Unity.VisualScripting.Flow", "Unity.VisualScripting.Flow.Player.csproj", "{3DAECE05-DEB0-FA83-DB5E-72ACC183E87B}"
EndProject
Project("{FAE04EC0-301F-11D3-BF4B-00C04F79EFBC}") = "Unity.VisualScripting.Core", "Unity.VisualScripting.Core.Player.csproj", "{EF4AE641-9AC0-81B8-08D4-ED2D7F2EECBD}"
EndProject
Project("{FAE04EC0-301F-11D3-BF4B-00C04F79EFBC}") = "UnityEngine.TestRunner", "UnityEngine.TestRunner.Player.csproj", "{90E2A48F-F166-BDAC-91EF-DF99AC95AF5F}"
EndProject
Project("{FAE04EC0-301F-11D3-BF4B-00C04F79EFBC}") = "Unity.VisualScripting.State", "Unity.VisualScripting.State.Player.csproj", "{82727437-12A1-253E-C671-851D3C6A730D}"
EndProject
Project("{FAE04EC0-301F-11D3-BF4B-00C04F79EFBC}") = "Unity.TextMeshPro", "Unity.TextMeshPro.Player.csproj", "{5A3A3FA6-0846-67A0-A69B-AA3CDE398984}"
EndProject
Project("{FAE04EC0-301F-11D3-BF4B-00C04F79EFBC}") = "Assembly-CSharp", "Assembly-CSharp.Player.csproj", "{01CF8671-8E44-3F03-0421-A73905E2C72B}"
EndProject
Global
	GlobalSection(SolutionConfigurationPlatforms) = preSolution
		Debug|Any CPU = Debug|Any CPU
		Release|Any CPU = Release|Any CPU
	EndGlobalSection
	GlobalSection(ProjectConfigurationPlatforms) = postSolution
		{10BA75C5-DAA0-1B5E-66A1-2E2117518DE3}.Debug|Any CPU.ActiveCfg = Debug|Any CPU
		{10BA75C5-DAA0-1B5E-66A1-2E2117518DE3}.Debug|Any CPU.Build.0 = Debug|Any CPU
		{10BA75C5-DAA0-1B5E-66A1-2E2117518DE3}.Release|Any CPU.ActiveCfg = Release|Any CPU
		{10BA75C5-DAA0-1B5E-66A1-2E2117518DE3}.Release|Any CPU.Build.0 = Release|Any CPU
		{59771CAE-20AE-C3FF-3B7D-43C44A663A31}.Debug|Any CPU.ActiveCfg = Debug|Any CPU
		{59771CAE-20AE-C3FF-3B7D-43C44A663A31}.Debug|Any CPU.Build.0 = Debug|Any CPU
		{59771CAE-20AE-C3FF-3B7D-43C44A663A31}.Release|Any CPU.ActiveCfg = Release|Any CPU
		{59771CAE-20AE-C3FF-3B7D-43C44A663A31}.Release|Any CPU.Build.0 = Release|Any CPU
		{78506795-77A1-A962-24E7-C0523B931E2A}.Debug|Any CPU.ActiveCfg = Debug|Any CPU
		{78506795-77A1-A962-24E7-C0523B931E2A}.Debug|Any CPU.Build.0 = Debug|Any CPU
		{78506795-77A1-A962-24E7-C0523B931E2A}.Release|Any CPU.ActiveCfg = Release|Any CPU
		{78506795-77A1-A962-24E7-C0523B931E2A}.Release|Any CPU.Build.0 = Release|Any CPU
		{444C3498-2817-19B8-5B88-C89D6088513A}.Debug|Any CPU.ActiveCfg = Debug|Any CPU
		{444C3498-2817-19B8-5B88-C89D6088513A}.Debug|Any CPU.Build.0 = Debug|Any CPU
		{444C3498-2817-19B8-5B88-C89D6088513A}.Release|Any CPU.ActiveCfg = Release|Any CPU
		{444C3498-2817-19B8-5B88-C89D6088513A}.Release|Any CPU.Build.0 = Release|Any CPU
		{5D1683C8-C60C-ED44-1ABA-1A16365CF489}.Debug|Any CPU.ActiveCfg = Debug|Any CPU
		{5D1683C8-C60C-ED44-1ABA-1A16365CF489}.Debug|Any CPU.Build.0 = Debug|Any CPU
		{5D1683C8-C60C-ED44-1ABA-1A16365CF489}.Release|Any CPU.ActiveCfg = Release|Any CPU
		{5D1683C8-C60C-ED44-1ABA-1A16365CF489}.Release|Any CPU.Build.0 = Release|Any CPU
		{07B9CE6C-C1F5-10EF-4DB8-A7404F5DDD37}.Debug|Any CPU.ActiveCfg = Debug|Any CPU
		{07B9CE6C-C1F5-10EF-4DB8-A7404F5DDD37}.Debug|Any CPU.Build.0 = Debug|Any CPU
		{07B9CE6C-C1F5-10EF-4DB8-A7404F5DDD37}.Release|Any CPU.ActiveCfg = Release|Any CPU
		{07B9CE6C-C1F5-10EF-4DB8-A7404F5DDD37}.Release|Any CPU.Build.0 = Release|Any CPU
		{E1CCA21B-426F-120A-BBD9-BF020C57548A}.Debug|Any CPU.ActiveCfg = Debug|Any CPU
		{E1CCA21B-426F-120A-BBD9-BF020C57548A}.Debug|Any CPU.Build.0 = Debug|Any CPU
		{E1CCA21B-426F-120A-BBD9-BF020C57548A}.Release|Any CPU.ActiveCfg = Release|Any CPU
		{E1CCA21B-426F-120A-BBD9-BF020C57548A}.Release|Any CPU.Build.0 = Release|Any CPU
		{60381EED-0D41-8A6C-6DC6-973A9F52E3CF}.Debug|Any CPU.ActiveCfg = Debug|Any CPU
		{60381EED-0D41-8A6C-6DC6-973A9F52E3CF}.Debug|Any CPU.Build.0 = Debug|Any CPU
		{60381EED-0D41-8A6C-6DC6-973A9F52E3CF}.Release|Any CPU.ActiveCfg = Release|Any CPU
		{60381EED-0D41-8A6C-6DC6-973A9F52E3CF}.Release|Any CPU.Build.0 = Release|Any CPU
		{7700649E-4E22-D8E8-1FD3-A10461F3A208}.Debug|Any CPU.ActiveCfg = Debug|Any CPU
		{7700649E-4E22-D8E8-1FD3-A10461F3A208}.Debug|Any CPU.Build.0 = Debug|Any CPU
		{7700649E-4E22-D8E8-1FD3-A10461F3A208}.Release|Any CPU.ActiveCfg = Release|Any CPU
		{7700649E-4E22-D8E8-1FD3-A10461F3A208}.Release|Any CPU.Build.0 = Release|Any CPU
		{B4389FD4-27A6-7642-FB53-5CE65E4600DE}.Debug|Any CPU.ActiveCfg = Debug|Any CPU
		{B4389FD4-27A6-7642-FB53-5CE65E4600DE}.Debug|Any CPU.Build.0 = Debug|Any CPU
		{B4389FD4-27A6-7642-FB53-5CE65E4600DE}.Release|Any CPU.ActiveCfg = Release|Any CPU
		{B4389FD4-27A6-7642-FB53-5CE65E4600DE}.Release|Any CPU.Build.0 = Release|Any CPU
		{EB6F26C5-7006-E2D5-8721-DB3C0105C87E}.Debug|Any CPU.ActiveCfg = Debug|Any CPU
		{EB6F26C5-7006-E2D5-8721-DB3C0105C87E}.Debug|Any CPU.Build.0 = Debug|Any CPU
		{EB6F26C5-7006-E2D5-8721-DB3C0105C87E}.Release|Any CPU.ActiveCfg = Release|Any CPU
		{EB6F26C5-7006-E2D5-8721-DB3C0105C87E}.Release|Any CPU.Build.0 = Release|Any CPU
		{53CCA44A-3187-CDBA-FDB0-A8FA43879FA7}.Debug|Any CPU.ActiveCfg = Debug|Any CPU
		{53CCA44A-3187-CDBA-FDB0-A8FA43879FA7}.Debug|Any CPU.Build.0 = Debug|Any CPU
		{53CCA44A-3187-CDBA-FDB0-A8FA43879FA7}.Release|Any CPU.ActiveCfg = Release|Any CPU
		{53CCA44A-3187-CDBA-FDB0-A8FA43879FA7}.Release|Any CPU.Build.0 = Release|Any CPU
		{2CF84187-3725-A3EE-1DE0-80242E6EA5ED}.Debug|Any CPU.ActiveCfg = Debug|Any CPU
		{2CF84187-3725-A3EE-1DE0-80242E6EA5ED}.Debug|Any CPU.Build.0 = Debug|Any CPU
		{2CF84187-3725-A3EE-1DE0-80242E6EA5ED}.Release|Any CPU.ActiveCfg = Release|Any CPU
		{2CF84187-3725-A3EE-1DE0-80242E6EA5ED}.Release|Any CPU.Build.0 = Release|Any CPU
		{80DFC1A5-8C4E-69E7-969A-BF96AA27AE45}.Debug|Any CPU.ActiveCfg = Debug|Any CPU
		{80DFC1A5-8C4E-69E7-969A-BF96AA27AE45}.Debug|Any CPU.Build.0 = Debug|Any CPU
		{80DFC1A5-8C4E-69E7-969A-BF96AA27AE45}.Release|Any CPU.ActiveCfg = Release|Any CPU
		{80DFC1A5-8C4E-69E7-969A-BF96AA27AE45}.Release|Any CPU.Build.0 = Release|Any CPU
		{B64F53FC-3C40-C354-16F8-274BEA58B8C8}.Debug|Any CPU.ActiveCfg = Debug|Any CPU
		{B64F53FC-3C40-C354-16F8-274BEA58B8C8}.Debug|Any CPU.Build.0 = Debug|Any CPU
		{B64F53FC-3C40-C354-16F8-274BEA58B8C8}.Release|Any CPU.ActiveCfg = Release|Any CPU
		{B64F53FC-3C40-C354-16F8-274BEA58B8C8}.Release|Any CPU.Build.0 = Release|Any CPU
		{41735FD8-2026-001F-A4E9-46FD258D4094}.Debug|Any CPU.ActiveCfg = Debug|Any CPU
		{41735FD8-2026-001F-A4E9-46FD258D4094}.Debug|Any CPU.Build.0 = Debug|Any CPU
		{41735FD8-2026-001F-A4E9-46FD258D4094}.Release|Any CPU.ActiveCfg = Release|Any CPU
		{41735FD8-2026-001F-A4E9-46FD258D4094}.Release|Any CPU.Build.0 = Release|Any CPU
		{AFFE94FF-AF24-ABA0-C365-85B1CB6113D6}.Debug|Any CPU.ActiveCfg = Debug|Any CPU
		{AFFE94FF-AF24-ABA0-C365-85B1CB6113D6}.Debug|Any CPU.Build.0 = Debug|Any CPU
		{AFFE94FF-AF24-ABA0-C365-85B1CB6113D6}.Release|Any CPU.ActiveCfg = Release|Any CPU
		{AFFE94FF-AF24-ABA0-C365-85B1CB6113D6}.Release|Any CPU.Build.0 = Release|Any CPU
		{8C3D342B-F97A-3B11-706E-3BC47861DB61}.Debug|Any CPU.ActiveCfg = Debug|Any CPU
		{8C3D342B-F97A-3B11-706E-3BC47861DB61}.Debug|Any CPU.Build.0 = Debug|Any CPU
		{8C3D342B-F97A-3B11-706E-3BC47861DB61}.Release|Any CPU.ActiveCfg = Release|Any CPU
		{8C3D342B-F97A-3B11-706E-3BC47861DB61}.Release|Any CPU.Build.0 = Release|Any CPU
		{5DA46AD1-10F0-DB71-FF94-0A91AB841157}.Debug|Any CPU.ActiveCfg = Debug|Any CPU
		{5DA46AD1-10F0-DB71-FF94-0A91AB841157}.Debug|Any CPU.Build.0 = Debug|Any CPU
		{5DA46AD1-10F0-DB71-FF94-0A91AB841157}.Release|Any CPU.ActiveCfg = Release|Any CPU
		{5DA46AD1-10F0-DB71-FF94-0A91AB841157}.Release|Any CPU.Build.0 = Release|Any CPU
		{D27CD6F5-2C9A-D7BD-1ECB-BFA893F01D29}.Debug|Any CPU.ActiveCfg = Debug|Any CPU
		{D27CD6F5-2C9A-D7BD-1ECB-BFA893F01D29}.Debug|Any CPU.Build.0 = Debug|Any CPU
		{D27CD6F5-2C9A-D7BD-1ECB-BFA893F01D29}.Release|Any CPU.ActiveCfg = Release|Any CPU
		{D27CD6F5-2C9A-D7BD-1ECB-BFA893F01D29}.Release|Any CPU.Build.0 = Release|Any CPU
		{BE6D625E-0A9F-377D-974D-94C2714ADF65}.Debug|Any CPU.ActiveCfg = Debug|Any CPU
		{BE6D625E-0A9F-377D-974D-94C2714ADF65}.Debug|Any CPU.Build.0 = Debug|Any CPU
		{BE6D625E-0A9F-377D-974D-94C2714ADF65}.Release|Any CPU.ActiveCfg = Release|Any CPU
		{BE6D625E-0A9F-377D-974D-94C2714ADF65}.Release|Any CPU.Build.0 = Release|Any CPU
		{F98B3FFE-3AF2-01F3-8705-2B146C217334}.Debug|Any CPU.ActiveCfg = Debug|Any CPU
		{F98B3FFE-3AF2-01F3-8705-2B146C217334}.Debug|Any CPU.Build.0 = Debug|Any CPU
		{F98B3FFE-3AF2-01F3-8705-2B146C217334}.Release|Any CPU.ActiveCfg = Release|Any CPU
		{F98B3FFE-3AF2-01F3-8705-2B146C217334}.Release|Any CPU.Build.0 = Release|Any CPU
		{D17DC2BD-4C36-FE12-2CE4-D2243B02E97F}.Debug|Any CPU.ActiveCfg = Debug|Any CPU
		{D17DC2BD-4C36-FE12-2CE4-D2243B02E97F}.Debug|Any CPU.Build.0 = Debug|Any CPU
		{D17DC2BD-4C36-FE12-2CE4-D2243B02E97F}.Release|Any CPU.ActiveCfg = Release|Any CPU
		{D17DC2BD-4C36-FE12-2CE4-D2243B02E97F}.Release|Any CPU.Build.0 = Release|Any CPU
		{52ECB94D-8DDA-7004-198E-292902F614B2}.Debug|Any CPU.ActiveCfg = Debug|Any CPU
		{52ECB94D-8DDA-7004-198E-292902F614B2}.Debug|Any CPU.Build.0 = Debug|Any CPU
		{52ECB94D-8DDA-7004-198E-292902F614B2}.Release|Any CPU.ActiveCfg = Release|Any CPU
		{52ECB94D-8DDA-7004-198E-292902F614B2}.Release|Any CPU.Build.0 = Release|Any CPU
		{8A9C3729-054D-756F-2AB4-707AC6E55709}.Debug|Any CPU.ActiveCfg = Debug|Any CPU
		{8A9C3729-054D-756F-2AB4-707AC6E55709}.Debug|Any CPU.Build.0 = Debug|Any CPU
		{8A9C3729-054D-756F-2AB4-707AC6E55709}.Release|Any CPU.ActiveCfg = Release|Any CPU
		{8A9C3729-054D-756F-2AB4-707AC6E55709}.Release|Any CPU.Build.0 = Release|Any CPU
		{FEC7A7A5-7212-97EF-3F29-C737118F40D5}.Debug|Any CPU.ActiveCfg = Debug|Any CPU
		{FEC7A7A5-7212-97EF-3F29-C737118F40D5}.Debug|Any CPU.Build.0 = Debug|Any CPU
		{FEC7A7A5-7212-97EF-3F29-C737118F40D5}.Release|Any CPU.ActiveCfg = Release|Any CPU
		{FEC7A7A5-7212-97EF-3F29-C737118F40D5}.Release|Any CPU.Build.0 = Release|Any CPU
		{D8156C96-D93A-B567-A324-4578CD0E9DC7}.Debug|Any CPU.ActiveCfg = Debug|Any CPU
		{D8156C96-D93A-B567-A324-4578CD0E9DC7}.Debug|Any CPU.Build.0 = Debug|Any CPU
		{D8156C96-D93A-B567-A324-4578CD0E9DC7}.Release|Any CPU.ActiveCfg = Release|Any CPU
		{D8156C96-D93A-B567-A324-4578CD0E9DC7}.Release|Any CPU.Build.0 = Release|Any CPU
		{3DAECE05-DEB0-FA83-DB5E-72ACC183E87B}.Debug|Any CPU.ActiveCfg = Debug|Any CPU
		{3DAECE05-DEB0-FA83-DB5E-72ACC183E87B}.Debug|Any CPU.Build.0 = Debug|Any CPU
		{3DAECE05-DEB0-FA83-DB5E-72ACC183E87B}.Release|Any CPU.ActiveCfg = Release|Any CPU
		{3DAECE05-DEB0-FA83-DB5E-72ACC183E87B}.Release|Any CPU.Build.0 = Release|Any CPU
		{EF4AE641-9AC0-81B8-08D4-ED2D7F2EECBD}.Debug|Any CPU.ActiveCfg = Debug|Any CPU
		{EF4AE641-9AC0-81B8-08D4-ED2D7F2EECBD}.Debug|Any CPU.Build.0 = Debug|Any CPU
		{EF4AE641-9AC0-81B8-08D4-ED2D7F2EECBD}.Release|Any CPU.ActiveCfg = Release|Any CPU
		{EF4AE641-9AC0-81B8-08D4-ED2D7F2EECBD}.Release|Any CPU.Build.0 = Release|Any CPU
		{90E2A48F-F166-BDAC-91EF-DF99AC95AF5F}.Debug|Any CPU.ActiveCfg = Debug|Any CPU
		{90E2A48F-F166-BDAC-91EF-DF99AC95AF5F}.Debug|Any CPU.Build.0 = Debug|Any CPU
		{90E2A48F-F166-BDAC-91EF-DF99AC95AF5F}.Release|Any CPU.ActiveCfg = Release|Any CPU
		{90E2A48F-F166-BDAC-91EF-DF99AC95AF5F}.Release|Any CPU.Build.0 = Release|Any CPU
		{82727437-12A1-253E-C671-851D3C6A730D}.Debug|Any CPU.ActiveCfg = Debug|Any CPU
		{82727437-12A1-253E-C671-851D3C6A730D}.Debug|Any CPU.Build.0 = Debug|Any CPU
		{82727437-12A1-253E-C671-851D3C6A730D}.Release|Any CPU.ActiveCfg = Release|Any CPU
		{82727437-12A1-253E-C671-851D3C6A730D}.Release|Any CPU.Build.0 = Release|Any CPU
		{5A3A3FA6-0846-67A0-A69B-AA3CDE398984}.Debug|Any CPU.ActiveCfg = Debug|Any CPU
		{5A3A3FA6-0846-67A0-A69B-AA3CDE398984}.Debug|Any CPU.Build.0 = Debug|Any CPU
		{5A3A3FA6-0846-67A0-A69B-AA3CDE398984}.Release|Any CPU.ActiveCfg = Release|Any CPU
		{5A3A3FA6-0846-67A0-A69B-AA3CDE398984}.Release|Any CPU.Build.0 = Release|Any CPU
		{01CF8671-8E44-3F03-0421-A73905E2C72B}.Debug|Any CPU.ActiveCfg = Debug|Any CPU
		{01CF8671-8E44-3F03-0421-A73905E2C72B}.Debug|Any CPU.Build.0 = Debug|Any CPU
		{01CF8671-8E44-3F03-0421-A73905E2C72B}.Release|Any CPU.ActiveCfg = Release|Any CPU
		{01CF8671-8E44-3F03-0421-A73905E2C72B}.Release|Any CPU.Build.0 = Release|Any CPU
	EndGlobalSection
	GlobalSection(SolutionProperties) = preSolution
		HideSolutionNode = FALSE
	EndGlobalSection
EndGlobal
